
Microsoft Visual Studio Solution File, Format Version 12.00
# Visual Studio Version 17
VisualStudioVersion = 17.14.36705.20 d17.14
MinimumVisualStudioVersion = 10.0.40219.1
Project("{FAE04EC0-301F-11D3-BF4B-00C04F79EFBC}") = "Yuki-PC", "Yuki-PC\Yuki-PC.csproj", "{59FB0854-B92C-4A92-AF9C-02CDE459DCD6}"
EndProject
Global
	GlobalSection(SolutionConfigurationPlatforms) = preSolution
		Debug|Any CPU = Debug|Any CPU
		Release|Any CPU = Release|Any CPU
	EndGlobalSection
	GlobalSection(ProjectConfigurationPlatforms) = postSolution
		{59FB0854-B92C-4A92-AF9C-02CDE459DCD6}.Debug|Any CPU.ActiveCfg = Debug|Any CPU
		{59FB0854-B92C-4A92-AF9C-02CDE459DCD6}.Debug|Any CPU.Build.0 = Debug|Any CPU
		{59FB0854-B92C-4A92-AF9C-02CDE459DCD6}.Release|Any CPU.ActiveCfg = Release|Any CPU
		{59FB0854-B92C-4A92-AF9C-02CDE459DCD6}.Release|Any CPU.Build.0 = Release|Any CPU
	EndGlobalSection
	GlobalSection(SolutionProperties) = preSolution
		HideSolutionNode = FALSE
	EndGlobalSection
	GlobalSection(ExtensibilityGlobals) = postSolution
		SolutionGuid = {C6084D6E-34D9-4A26-8727-65384B1A95FE}
	EndGlobalSection
EndGlobal
